
Microsoft Visual Studio Solution File, Format Version 12.00
# Visual Studio 2013
VisualStudioVersion = 12.0.30723.0
MinimumVisualStudioVersion = 10.0.40219.1
Project("{FAE04EC0-301F-11D3-BF4B-00C04F79EFBC}") = "Proverb.Web", "Proverb.Web\Proverb.Web.csproj", "{5E9E7C67-8A8F-4FB2-A947-32AEFFEFD800}"
EndProject
Project("{FAE04EC0-301F-11D3-BF4B-00C04F79EFBC}") = "Proverb.Web.Common", "Proverb.Web.Common\Proverb.Web.Common.csproj", "{5EEBB14D-2BF8-45E3-BDEC-CE99044AC0D8}"
EndProject
Project("{2150E333-8FDC-42A3-9474-1A3956D46DE8}") = "Common", "Common", "{F5AFAA7E-848D-4094-917B-FCF8C75F3E4F}"
EndProject
Project("{FAE04EC0-301F-11D3-BF4B-00C04F79EFBC}") = "Proverb.Web.Tests.JavaScript", "Proverb.Web.Tests.JavaScript\Proverb.Web.Tests.JavaScript.csproj", "{C8F2C0F1-884F-4A3A-80F9-098ABA2043F4}"
EndProject
Project("{FAE04EC0-301F-11D3-BF4B-00C04F79EFBC}") = "Proverb.Web.Tests.ASPNet", "Proverb.Web.Tests.ASPNet\Proverb.Web.Tests.ASPNet.csproj", "{7A92AAF6-4D49-4415-B3E5-EC3F56743316}"
EndProject
Project("{2150E333-8FDC-42A3-9474-1A3956D46DE8}") = "Web", "Web", "{765B321D-8C57-4FD4-818C-783F8475F220}"
EndProject
Project("{2150E333-8FDC-42A3-9474-1A3956D46DE8}") = ".nuget", ".nuget", "{B71A5B82-CB8F-4BB3-B3E7-5D576FBFA9CC}"
	ProjectSection(SolutionItems) = preProject
		.nuget\packages.config = .nuget\packages.config
	EndProjectSection
EndProject
Global
	GlobalSection(SolutionConfigurationPlatforms) = preSolution
		Debug|Any CPU = Debug|Any CPU
		Release|Any CPU = Release|Any CPU
	EndGlobalSection
	GlobalSection(ProjectConfigurationPlatforms) = postSolution
		{5E9E7C67-8A8F-4FB2-A947-32AEFFEFD800}.Debug|Any CPU.ActiveCfg = Debug|Any CPU
		{5E9E7C67-8A8F-4FB2-A947-32AEFFEFD800}.Debug|Any CPU.Build.0 = Debug|Any CPU
		{5E9E7C67-8A8F-4FB2-A947-32AEFFEFD800}.Release|Any CPU.ActiveCfg = Release|Any CPU
		{5E9E7C67-8A8F-4FB2-A947-32AEFFEFD800}.Release|Any CPU.Build.0 = Release|Any CPU
		{5EEBB14D-2BF8-45E3-BDEC-CE99044AC0D8}.Debug|Any CPU.ActiveCfg = Debug|Any CPU
		{5EEBB14D-2BF8-45E3-BDEC-CE99044AC0D8}.Debug|Any CPU.Build.0 = Debug|Any CPU
		{5EEBB14D-2BF8-45E3-BDEC-CE99044AC0D8}.Release|Any CPU.ActiveCfg = Release|Any CPU
		{5EEBB14D-2BF8-45E3-BDEC-CE99044AC0D8}.Release|Any CPU.Build.0 = Release|Any CPU
		{C8F2C0F1-884F-4A3A-80F9-098ABA2043F4}.Debug|Any CPU.ActiveCfg = Debug|Any CPU
		{C8F2C0F1-884F-4A3A-80F9-098ABA2043F4}.Debug|Any CPU.Build.0 = Debug|Any CPU
		{C8F2C0F1-884F-4A3A-80F9-098ABA2043F4}.Release|Any CPU.ActiveCfg = Release|Any CPU
		{C8F2C0F1-884F-4A3A-80F9-098ABA2043F4}.Release|Any CPU.Build.0 = Release|Any CPU
		{7A92AAF6-4D49-4415-B3E5-EC3F56743316}.Debug|Any CPU.ActiveCfg = Debug|Any CPU
		{7A92AAF6-4D49-4415-B3E5-EC3F56743316}.Debug|Any CPU.Build.0 = Debug|Any CPU
		{7A92AAF6-4D49-4415-B3E5-EC3F56743316}.Release|Any CPU.ActiveCfg = Release|Any CPU
		{7A92AAF6-4D49-4415-B3E5-EC3F56743316}.Release|Any CPU.Build.0 = Release|Any CPU
	EndGlobalSection
	GlobalSection(SolutionProperties) = preSolution
		HideSolutionNode = FALSE
	EndGlobalSection
	GlobalSection(NestedProjects) = preSolution
		{5E9E7C67-8A8F-4FB2-A947-32AEFFEFD800} = {765B321D-8C57-4FD4-818C-783F8475F220}
		{5EEBB14D-2BF8-45E3-BDEC-CE99044AC0D8} = {F5AFAA7E-848D-4094-917B-FCF8C75F3E4F}
		{F5AFAA7E-848D-4094-917B-FCF8C75F3E4F} = {765B321D-8C57-4FD4-818C-783F8475F220}
		{C8F2C0F1-884F-4A3A-80F9-098ABA2043F4} = {765B321D-8C57-4FD4-818C-783F8475F220}
		{7A92AAF6-4D49-4415-B3E5-EC3F56743316} = {765B321D-8C57-4FD4-818C-783F8475F220}
	EndGlobalSection
EndGlobal
